
Microsoft Visual Studio Solution File, Format Version 12.00
# Visual Studio 2013
VisualStudioVersion = 12.0.31101.0
MinimumVisualStudioVersion = 10.0.40219.1
Project("{FAE04EC0-301F-11D3-BF4B-00C04F79EFBC}") = "DayInfo", "DayInfo\DayInfo.csproj", "{736C70E0-0186-444C-BB3F-EBF2613D00EC}"
EndProject
Project("{FAE04EC0-301F-11D3-BF4B-00C04F79EFBC}") = "DayInfo.Tests", "DayInfo.Tests\DayInfo.Tests.csproj", "{15753195-CC6D-4597-9716-4F6AA3AD54A6}"
EndProject
Project("{FAE04EC0-301F-11D3-BF4B-00C04F79EFBC}") = "DayInfo.Web", "DayInfo.Web\DayInfo.Web.csproj", "{A5935452-37A5-439A-921A-3C1CCC749DB9}"
EndProject
Global
	GlobalSection(SolutionConfigurationPlatforms) = preSolution
		Debug|Any CPU = Debug|Any CPU
		Release|Any CPU = Release|Any CPU
	EndGlobalSection
	GlobalSection(ProjectConfigurationPlatforms) = postSolution
		{736C70E0-0186-444C-BB3F-EBF2613D00EC}.Debug|Any CPU.ActiveCfg = Debug|Any CPU
		{736C70E0-0186-444C-BB3F-EBF2613D00EC}.Debug|Any CPU.Build.0 = Debug|Any CPU
		{736C70E0-0186-444C-BB3F-EBF2613D00EC}.Release|Any CPU.ActiveCfg = Release|Any CPU
		{736C70E0-0186-444C-BB3F-EBF2613D00EC}.Release|Any CPU.Build.0 = Release|Any CPU
		{15753195-CC6D-4597-9716-4F6AA3AD54A6}.Debug|Any CPU.ActiveCfg = Debug|Any CPU
		{15753195-CC6D-4597-9716-4F6AA3AD54A6}.Debug|Any CPU.Build.0 = Debug|Any CPU
		{15753195-CC6D-4597-9716-4F6AA3AD54A6}.Release|Any CPU.ActiveCfg = Release|Any CPU
		{15753195-CC6D-4597-9716-4F6AA3AD54A6}.Release|Any CPU.Build.0 = Release|Any CPU
		{A5935452-37A5-439A-921A-3C1CCC749DB9}.Debug|Any CPU.ActiveCfg = Debug|Any CPU
		{A5935452-37A5-439A-921A-3C1CCC749DB9}.Debug|Any CPU.Build.0 = Debug|Any CPU
		{A5935452-37A5-439A-921A-3C1CCC749DB9}.Release|Any CPU.ActiveCfg = Release|Any CPU
		{A5935452-37A5-439A-921A-3C1CCC749DB9}.Release|Any CPU.Build.0 = Release|Any CPU
	EndGlobalSection
	GlobalSection(SolutionProperties) = preSolution
		HideSolutionNode = FALSE
	EndGlobalSection
EndGlobal
